
Microsoft Visual Studio Solution File, Format Version 12.00
# Visual Studio Version 16
VisualStudioVersion = 16.0.810.3
MinimumVisualStudioVersion = 10.0.40219.1
Project("{FAE04EC0-301F-11D3-BF4B-00C04F79EFBC}") = "App", "App.csproj", "{05A39DC9-9CB2-41CE-9A0B-41B01A7E8866}"
EndProject
Global
	GlobalSection(SolutionConfigurationPlatforms) = preSolution
		Debug|Any CPU = Debug|Any CPU
		Release|Any CPU = Release|Any CPU
	EndGlobalSection
	GlobalSection(ProjectConfigurationPlatforms) = postSolution
		{05A39DC9-9CB2-41CE-9A0B-41B01A7E8866}.Debug|Any CPU.ActiveCfg = Debug|Any CPU
		{05A39DC9-9CB2-41CE-9A0B-41B01A7E8866}.Debug|Any CPU.Build.0 = Debug|Any CPU
		{05A39DC9-9CB2-41CE-9A0B-41B01A7E8866}.Release|Any CPU.ActiveCfg = Release|Any CPU
		{05A39DC9-9CB2-41CE-9A0B-41B01A7E8866}.Release|Any CPU.Build.0 = Release|Any CPU
	EndGlobalSection
	GlobalSection(SolutionProperties) = preSolution
		HideSolutionNode = FALSE
	EndGlobalSection
	GlobalSection(ExtensibilityGlobals) = postSolution
		SolutionGuid = {6A86A019-0363-4081-BA4A-A9372E4830D7}
	EndGlobalSection
EndGlobal
