
Microsoft Visual Studio Solution File, Format Version 12.00
# Visual Studio Version 16
VisualStudioVersion = 16.0.810.4
MinimumVisualStudioVersion = 10.0.40219.1
Project("{FAE04EC0-301F-11D3-BF4B-00C04F79EFBC}") = "App", "App.csproj", "{2207E1D2-3002-4688-B86C-67894E6ABC47}"
EndProject
Global
	GlobalSection(SolutionConfigurationPlatforms) = preSolution
		Debug|Any CPU = Debug|Any CPU
		Release|Any CPU = Release|Any CPU
	EndGlobalSection
	GlobalSection(ProjectConfigurationPlatforms) = postSolution
		{2207E1D2-3002-4688-B86C-67894E6ABC47}.Debug|Any CPU.ActiveCfg = Debug|Any CPU
		{2207E1D2-3002-4688-B86C-67894E6ABC47}.Debug|Any CPU.Build.0 = Debug|Any CPU
		{2207E1D2-3002-4688-B86C-67894E6ABC47}.Release|Any CPU.ActiveCfg = Release|Any CPU
		{2207E1D2-3002-4688-B86C-67894E6ABC47}.Release|Any CPU.Build.0 = Release|Any CPU
	EndGlobalSection
	GlobalSection(SolutionProperties) = preSolution
		HideSolutionNode = FALSE
	EndGlobalSection
	GlobalSection(ExtensibilityGlobals) = postSolution
		SolutionGuid = {27696D13-3DB4-4884-BD60-7D29C55D3483}
	EndGlobalSection
EndGlobal
