
Microsoft Visual Studio Solution File, Format Version 12.00
# Visual Studio Version 16
VisualStudioVersion = 16.0.810.4
MinimumVisualStudioVersion = 10.0.40219.1
Project("{FAE04EC0-301F-11D3-BF4B-00C04F79EFBC}") = "Simple", "Simple.csproj", "{3E872AF5-4CE3-4B25-8EFF-552B063A39A9}"
EndProject
Global
	GlobalSection(SolutionConfigurationPlatforms) = preSolution
		Debug|Any CPU = Debug|Any CPU
		Release|Any CPU = Release|Any CPU
	EndGlobalSection
	GlobalSection(ProjectConfigurationPlatforms) = postSolution
		{3E872AF5-4CE3-4B25-8EFF-552B063A39A9}.Debug|Any CPU.ActiveCfg = Debug|Any CPU
		{3E872AF5-4CE3-4B25-8EFF-552B063A39A9}.Debug|Any CPU.Build.0 = Debug|Any CPU
		{3E872AF5-4CE3-4B25-8EFF-552B063A39A9}.Release|Any CPU.ActiveCfg = Release|Any CPU
		{3E872AF5-4CE3-4B25-8EFF-552B063A39A9}.Release|Any CPU.Build.0 = Release|Any CPU
	EndGlobalSection
	GlobalSection(SolutionProperties) = preSolution
		HideSolutionNode = FALSE
	EndGlobalSection
	GlobalSection(ExtensibilityGlobals) = postSolution
		SolutionGuid = {CD11D44A-648B-4283-B6C8-D8C1485F5D05}
	EndGlobalSection
EndGlobal
